
Microsoft Visual Studio Solution File, Format Version 12.00
# Visual Studio Version 17
VisualStudioVersion = 17.1.32319.34
MinimumVisualStudioVersion = 10.0.40219.1
Project("{9A19103F-16F7-4668-BE54-9A1E7A4F7556}") = "ContosoPizza_Api", "ContosoPizza_Api\ContosoPizza_Api.csproj", "{F6E6C700-DE65-43BF-A65A-167B1C49439E}"
EndProject
Project("{FAE04EC0-301F-11D3-BF4B-00C04F79EFBC}") = "Pizza", "Pizza\Pizza.csproj", "{8B4ABD38-E46D-4ADF-95BD-22D77DA37A73}"
EndProject
Global
	GlobalSection(SolutionConfigurationPlatforms) = preSolution
		Debug|Any CPU = Debug|Any CPU
		Release|Any CPU = Release|Any CPU
	EndGlobalSection
	GlobalSection(ProjectConfigurationPlatforms) = postSolution
		{F6E6C700-DE65-43BF-A65A-167B1C49439E}.Debug|Any CPU.ActiveCfg = Debug|Any CPU
		{F6E6C700-DE65-43BF-A65A-167B1C49439E}.Debug|Any CPU.Build.0 = Debug|Any CPU
		{F6E6C700-DE65-43BF-A65A-167B1C49439E}.Release|Any CPU.ActiveCfg = Release|Any CPU
		{F6E6C700-DE65-43BF-A65A-167B1C49439E}.Release|Any CPU.Build.0 = Release|Any CPU
		{8B4ABD38-E46D-4ADF-95BD-22D77DA37A73}.Debug|Any CPU.ActiveCfg = Debug|Any CPU
		{8B4ABD38-E46D-4ADF-95BD-22D77DA37A73}.Debug|Any CPU.Build.0 = Debug|Any CPU
		{8B4ABD38-E46D-4ADF-95BD-22D77DA37A73}.Release|Any CPU.ActiveCfg = Release|Any CPU
		{8B4ABD38-E46D-4ADF-95BD-22D77DA37A73}.Release|Any CPU.Build.0 = Release|Any CPU
	EndGlobalSection
	GlobalSection(SolutionProperties) = preSolution
		HideSolutionNode = FALSE
	EndGlobalSection
	GlobalSection(ExtensibilityGlobals) = postSolution
		SolutionGuid = {141281E1-DBB2-4822-980B-318855CC41C5}
	EndGlobalSection
EndGlobal
